
Microsoft Visual Studio Solution File, Format Version 12.00
# Visual Studio 14
VisualStudioVersion = 14.0.25420.1
MinimumVisualStudioVersion = 10.0.40219.1
Project("{FAE04EC0-301F-11D3-BF4B-00C04F79EFBC}") = "Excercise01", "Excercise01\Excercise01.csproj", "{60481A90-A44B-4C9E-805E-E19349CC6111}"
EndProject
Project("{FAE04EC0-301F-11D3-BF4B-00C04F79EFBC}") = "Excercise02", "Excercise02\Excercise02.csproj", "{EE9E0232-964B-4405-83B6-18BF6E33588E}"
EndProject
Project("{FAE04EC0-301F-11D3-BF4B-00C04F79EFBC}") = "Excercises03", "Excercises03\Excercises03.csproj", "{73A46AE8-1550-4346-A815-EC9A5E0F09F1}"
EndProject
Global
	GlobalSection(SolutionConfigurationPlatforms) = preSolution
		Debug|Any CPU = Debug|Any CPU
		Release|Any CPU = Release|Any CPU
	EndGlobalSection
	GlobalSection(ProjectConfigurationPlatforms) = postSolution
		{60481A90-A44B-4C9E-805E-E19349CC6111}.Debug|Any CPU.ActiveCfg = Debug|Any CPU
		{60481A90-A44B-4C9E-805E-E19349CC6111}.Debug|Any CPU.Build.0 = Debug|Any CPU
		{60481A90-A44B-4C9E-805E-E19349CC6111}.Release|Any CPU.ActiveCfg = Release|Any CPU
		{60481A90-A44B-4C9E-805E-E19349CC6111}.Release|Any CPU.Build.0 = Release|Any CPU
		{EE9E0232-964B-4405-83B6-18BF6E33588E}.Debug|Any CPU.ActiveCfg = Debug|Any CPU
		{EE9E0232-964B-4405-83B6-18BF6E33588E}.Debug|Any CPU.Build.0 = Debug|Any CPU
		{EE9E0232-964B-4405-83B6-18BF6E33588E}.Release|Any CPU.ActiveCfg = Release|Any CPU
		{EE9E0232-964B-4405-83B6-18BF6E33588E}.Release|Any CPU.Build.0 = Release|Any CPU
		{73A46AE8-1550-4346-A815-EC9A5E0F09F1}.Debug|Any CPU.ActiveCfg = Debug|Any CPU
		{73A46AE8-1550-4346-A815-EC9A5E0F09F1}.Debug|Any CPU.Build.0 = Debug|Any CPU
		{73A46AE8-1550-4346-A815-EC9A5E0F09F1}.Release|Any CPU.ActiveCfg = Release|Any CPU
		{73A46AE8-1550-4346-A815-EC9A5E0F09F1}.Release|Any CPU.Build.0 = Release|Any CPU
	EndGlobalSection
	GlobalSection(SolutionProperties) = preSolution
		HideSolutionNode = FALSE
	EndGlobalSection
EndGlobal
